buf.build/gen/go/bufbuild/eliza/bufbuild/connect-go v1.1.0-20221108170037-30afbf7c670d.4 h1:hR21UqgI8jdPvpWmM37SsKkgILnhiB5sFabJwWNh5aI=
buf.build/gen/go/bufbuild/eliza/bufbuild/connect-go v1.1.0-20221108170037-30afbf7c670d.4/go.mod h1:OTugB+xRCdkX1oWSp3dQMfLBTfKSVIiJAA8jz3wksok=
buf.build/gen/go/bufbuild/eliza/protocolbuffers/go v1.28.1-20221108170037-30afbf7c670d.4 h1:S7/7v9nDq9Cj/5PFCdhp9/M3DvtKwkd6G8h4wUZKZ0A=
buf.build/gen/go/bufbuild/eliza/protocolbuffers/go v1.28.1-20221108170037-30afbf7c670d.4/go.mod h1:o+MHFUanU15Zk5uNgkUM6WteQPoSS6xk/HlbVmiZuGI=
github.com/bufbuild/connect-go v1.1.0 h1:AUgqqO2ePdOJSpPOep6BPYz5v2moW1Lb8sQh0EeRzQ8=
github.com/bufbuild/connect-go v1.1.0/go.mod h1:9iNvh/NOsfhNBUH5CtvXeVUskQO1xsrEviH7ZArwZ3I=
github.com/davecgh/go-spew v1.1.1 h1:vj9j/u1bqnvCEfJOwUhtlOARqs3+rkHYY13jYWTU97c=
github.com/golang/protobuf v1.5.0/go.mod h1:FsONVRAS9T7sI+LIUmWTfcYkHO4aIWwzhcaSAoJOfIk=
github.com/google/go-cmp v0.5.5/go.mod h1:v8dTdLbMG2kIc/vJvl+f65V22dbkXbowE6jgT/gNBxE=
github.com/google/go-cmp v0.5.9 h1:O2Tfq5qg4qc4AmwVlvv0oLiVAGB7enBSJ2x2DqQFi38=
github.com/joshcarp/eliza v0.0.0-20221123204923-649a8fcc71d3 h1:6A1Dgn67SZn1RMpmX/WrsZQrbENSRS2LkVJpUiFmorU=
github.com/joshcarp/eliza v0.0.0-20221123204923-649a8fcc71d3/go.mod h1:1qAWB6cYzB6M65cA0Aid2WI4e2aybQqKFNZWvnYnFqE=
github.com/pmezard/go-difflib v1.0.0 h1:4DBwDE0NGyQoBHbLQYPwSUPoCMWR5BEzIk/f1lZbAQM=
github.com/rs/cors v1.8.2 h1:KCooALfAYGs415Cwu5ABvv9n9509fSiG5SQJn/AQo4U=
github.com/rs/cors v1.8.2/go.mod h1:XyqrcTp5zjWr1wsJ8PIRZssZ8b/WMcMf71DJnit4EMU=
github.com/stretchr/testify v1.8.1 h1:w7B6lhMri9wdJUVmEZPGGhZzrYTPvgJArz7wNPgYKsk=
golang.org/x/net v0.2.0 h1:sZfSu1wtKLGlWI4ZZayP0ck9Y73K1ynO6gqzTdBVdPU=
golang.org/x/net v0.2.0/go.mod h1:KqCZLdyyvdV855qA2rE3GC2aiw5xGR5TEjj8smXukLY=
golang.org/x/text v0.4.0 h1:BrVqGRd7+k1DiOgtnFvAkoQEWQvBc25ouMJM6429SFg=
golang.org/x/text v0.4.0/go.mod h1:mrYo+phRRbMaCq/xk9113O4dZlRixOauAjOtrjsXDZ8=
golang.org/x/xerrors v0.0.0-20191204190536-9bdfabe68543/go.mod h1:I/5z698sn9Ka8TeJc9MKroUUfqBBauWjQqLJ2OPfmY0=
google.golang.org/protobuf v1.26.0-rc.1/go.mod h1:jlhhOSvTdKEhbULTjvd4ARK9grFBp09yW+WbY/TyQbw=
google.golang.org/protobuf v1.28.1 h1:d0NfwRgPtno5B1Wa6L2DAG+KivqkdutMf1UhdNx175w=
google.golang.org/protobuf v1.28.1/go.mod h1:HV8QOd/L58Z+nl8r43ehVNZIU/HEI6OcFqwMG9pJV4I=
gopkg.in/yaml.v3 v3.0.1 h1:fxVm/GzAzEWqLHuvctI91KS9hhNmmWOoWu0XTYJS7CA=
